
Microsoft Visual Studio Solution File, Format Version 12.00
# Visual Studio Version 16
VisualStudioVersion = 16.0.30330.147
MinimumVisualStudioVersion = 10.0.40219.1
Project("{8BC9CEB8-8B4A-11D0-8D11-00A0C91BC942}") = "InVers_KI", "InVers_KI\InVers_KI.vcxproj", "{8ED0B2D1-083E-4E5F-98B2-715C86F32ADE}"
EndProject
Global
	GlobalSection(SolutionConfigurationPlatforms) = preSolution
		Debug|x64 = Debug|x64
		Debug|x86 = Debug|x86
		Release|x64 = Release|x64
		Release|x86 = Release|x86
	EndGlobalSection
	GlobalSection(ProjectConfigurationPlatforms) = postSolution
		{8ED0B2D1-083E-4E5F-98B2-715C86F32ADE}.Debug|x64.ActiveCfg = Debug|x64
		{8ED0B2D1-083E-4E5F-98B2-715C86F32ADE}.Debug|x64.Build.0 = Debug|x64
		{8ED0B2D1-083E-4E5F-98B2-715C86F32ADE}.Debug|x86.ActiveCfg = Debug|Win32
		{8ED0B2D1-083E-4E5F-98B2-715C86F32ADE}.Debug|x86.Build.0 = Debug|Win32
		{8ED0B2D1-083E-4E5F-98B2-715C86F32ADE}.Release|x64.ActiveCfg = Release|x64
		{8ED0B2D1-083E-4E5F-98B2-715C86F32ADE}.Release|x64.Build.0 = Release|x64
		{8ED0B2D1-083E-4E5F-98B2-715C86F32ADE}.Release|x86.ActiveCfg = Release|Win32
		{8ED0B2D1-083E-4E5F-98B2-715C86F32ADE}.Release|x86.Build.0 = Release|Win32
	EndGlobalSection
	GlobalSection(SolutionProperties) = preSolution
		HideSolutionNode = FALSE
	EndGlobalSection
	GlobalSection(ExtensibilityGlobals) = postSolution
		SolutionGuid = {1B12E33A-8112-4C6F-837F-EE1805C30A21}
	EndGlobalSection
EndGlobal
